
Microsoft Visual Studio Solution File, Format Version 12.00
# Visual Studio Version 17
VisualStudioVersion = 17.13.35931.197 d17.13
MinimumVisualStudioVersion = 10.0.40219.1
Project("{FAE04EC0-301F-11D3-BF4B-00C04F79EFBC}") = "QuickExecutables", "QuickExecutables.csproj", "{EF5A3ED3-29E4-4A8D-916F-FBB39FDA191C}"
EndProject
Global
	GlobalSection(SolutionConfigurationPlatforms) = preSolution
		Debug|Any CPU = Debug|Any CPU
		Release|Any CPU = Release|Any CPU
	EndGlobalSection
	GlobalSection(ProjectConfigurationPlatforms) = postSolution
		{EF5A3ED3-29E4-4A8D-916F-FBB39FDA191C}.Debug|Any CPU.ActiveCfg = Debug|Any CPU
		{EF5A3ED3-29E4-4A8D-916F-FBB39FDA191C}.Debug|Any CPU.Build.0 = Debug|Any CPU
		{EF5A3ED3-29E4-4A8D-916F-FBB39FDA191C}.Release|Any CPU.ActiveCfg = Release|Any CPU
		{EF5A3ED3-29E4-4A8D-916F-FBB39FDA191C}.Release|Any CPU.Build.0 = Release|Any CPU
	EndGlobalSection
	GlobalSection(SolutionProperties) = preSolution
		HideSolutionNode = FALSE
	EndGlobalSection
	GlobalSection(ExtensibilityGlobals) = postSolution
		SolutionGuid = {0DE50E1D-5E1E-4072-A535-7365B9CDCF2C}
	EndGlobalSection
EndGlobal
